// !$*UTF8*$!
{
	archiveVersion = 1;
	classes = {
	};
	objectVersion = 50;
	objects = {

/* Begin PBXBuildFile section */
		10642B722A984D5E00AAED6C /* smb3_level_clear.wav in Resources */ = {isa = PBXBuildFile; fileRef = 10642B6D2A984D5E00AAED6C /* smb3_level_clear.wav */; };
		10642B732A984D5E00AAED6C /* smb3_1-up.wav in Resources */ = {isa = PBXBuildFile; fileRef = 10642B6E2A984D5E00AAED6C /* smb3_1-up.wav */; };
		10642B742A984D5E00AAED6C /* smb3_game_over.wav in Resources */ = {isa = PBXBuildFile; fileRef = 10642B6F2A984D5E00AAED6C /* smb3_game_over.wav */; };
		10642B752A984D5E00AAED6C /* smb3_coin.wav in Resources */ = {isa = PBXBuildFile; fileRef = 10642B702A984D5E00AAED6C /* smb3_coin.wav */; };
		10642B762A984D5E00AAED6C /* smb3_enter_level.wav in Resources */ = {isa = PBXBuildFile; fileRef = 10642B712A984D5E00AAED6C /* smb3_enter_level.wav */; };
		10642B782A9852DF00AAED6C /* smb3_bonus_game_no_match.wav in Resources */ = {isa = PBXBuildFile; fileRef = 10642B772A9852DF00AAED6C /* smb3_bonus_game_no_match.wav */; };
		10642B7A2A98530000AAED6C /* smb3_nspade_match.wav in Resources */ = {isa = PBXBuildFile; fileRef = 10642B792A98530000AAED6C /* smb3_nspade_match.wav */; };
		10642B7C2A98546900AAED6C /* smb3_inventory_open_close.wav in Resources */ = {isa = PBXBuildFile; fileRef = 10642B7B2A98546900AAED6C /* smb3_inventory_open_close.wav */; };
		10642B7E2A99578E00AAED6C /* smb3_nspade.mp3 in Resources */ = {isa = PBXBuildFile; fileRef = 10642B7D2A99578E00AAED6C /* smb3_nspade.mp3 */; };
		10C25B342221F4330046963C /* AppDelegate.swift in Sources */ = {isa = PBXBuildFile; fileRef = 10C25B332221F4330046963C /* AppDelegate.swift */; };
		10C25B362221F4330046963C /* ViewController.swift in Sources */ = {isa = PBXBuildFile; fileRef = 10C25B352221F4330046963C /* ViewController.swift */; };
		10C25B392221F4330046963C /* Main.storyboard in Resources */ = {isa = PBXBuildFile; fileRef = 10C25B372221F4330046963C /* Main.storyboard */; };
		10C25B3B2221F4330046963C /* Assets.xcassets in Resources */ = {isa = PBXBuildFile; fileRef = 10C25B3A2221F4330046963C /* Assets.xcassets */; };
		10C25B3E2221F4330046963C /* LaunchScreen.storyboard in Resources */ = {isa = PBXBuildFile; fileRef = 10C25B3C2221F4330046963C /* LaunchScreen.storyboard */; };
/* End PBXBuildFile section */

/* Begin PBXFileReference section */
		10642B6D2A984D5E00AAED6C /* smb3_level_clear.wav */ = {isa = PBXFileReference; lastKnownFileType = audio.wav; path = smb3_level_clear.wav; sourceTree = "<group>"; };
		10642B6E2A984D5E00AAED6C /* smb3_1-up.wav */ = {isa = PBXFileReference; lastKnownFileType = audio.wav; path = "smb3_1-up.wav"; sourceTree = "<group>"; };
		10642B6F2A984D5E00AAED6C /* smb3_game_over.wav */ = {isa = PBXFileReference; lastKnownFileType = audio.wav; path = smb3_game_over.wav; sourceTree = "<group>"; };
		10642B702A984D5E00AAED6C /* smb3_coin.wav */ = {isa = PBXFileReference; lastKnownFileType = audio.wav; path = smb3_coin.wav; sourceTree = "<group>"; };
		10642B712A984D5E00AAED6C /* smb3_enter_level.wav */ = {isa = PBXFileReference; lastKnownFileType = audio.wav; path = smb3_enter_level.wav; sourceTree = "<group>"; };
		10642B772A9852DF00AAED6C /* smb3_bonus_game_no_match.wav */ = {isa = PBXFileReference; lastKnownFileType = audio.wav; path = smb3_bonus_game_no_match.wav; sourceTree = "<group>"; };
		10642B792A98530000AAED6C /* smb3_nspade_match.wav */ = {isa = PBXFileReference; lastKnownFileType = audio.wav; path = smb3_nspade_match.wav; sourceTree = "<group>"; };
		10642B7B2A98546900AAED6C /* smb3_inventory_open_close.wav */ = {isa = PBXFileReference; lastKnownFileType = audio.wav; path = smb3_inventory_open_close.wav; sourceTree = "<group>"; };
		10642B7D2A99578E00AAED6C /* smb3_nspade.mp3 */ = {isa = PBXFileReference; lastKnownFileType = audio.mp3; path = smb3_nspade.mp3; sourceTree = "<group>"; };
		10C25B302221F4330046963C /* Mario 3 Card Match!.app */ = {isa = PBXFileReference; explicitFileType = wrapper.application; includeInIndex = 0; path = "Mario 3 Card Match!.app"; sourceTree = BUILT_PRODUCTS_DIR; };
		10C25B332221F4330046963C /* AppDelegate.swift */ = {isa = PBXFileReference; lastKnownFileType = sourcecode.swift; path = AppDelegate.swift; sourceTree = "<group>"; };
		10C25B352221F4330046963C /* ViewController.swift */ = {isa = PBXFileReference; lastKnownFileType = sourcecode.swift; path = ViewController.swift; sourceTree = "<group>"; };
		10C25B382221F4330046963C /* Base */ = {isa = PBXFileReference; lastKnownFileType = file.storyboard; name = Base; path = Base.lproj/Main.storyboard; sourceTree = "<group>"; };
		10C25B3A2221F4330046963C /* Assets.xcassets */ = {isa = PBXFileReference; lastKnownFileType = folder.assetcatalog; path = Assets.xcassets; sourceTree = "<group>"; };
		10C25B3D2221F4330046963C /* Base */ = {isa = PBXFileReference; lastKnownFileType = file.storyboard; name = Base; path = Base.lproj/LaunchScreen.storyboard; sourceTree = "<group>"; };
		10C25B3F2221F4330046963C /* Info.plist */ = {isa = PBXFileReference; lastKnownFileType = text.plist.xml; path = Info.plist; sourceTree = "<group>"; };
/* End PBXFileReference section */

/* Begin PBXFrameworksBuildPhase section */
		10C25B2D2221F4330046963C /* Frameworks */ = {
			isa = PBXFrameworksBuildPhase;
			buildActionMask = 2147483647;
			files = (
			);
			runOnlyForDeploymentPostprocessing = 0;
		};
/* End PBXFrameworksBuildPhase section */

/* Begin PBXGroup section */
		10642B6C2A984D3900AAED6C /* Sounds */ = {
			isa = PBXGroup;
			children = (
				10642B6E2A984D5E00AAED6C /* smb3_1-up.wav */,
				10642B702A984D5E00AAED6C /* smb3_coin.wav */,
				10642B772A9852DF00AAED6C /* smb3_bonus_game_no_match.wav */,
				10642B7B2A98546900AAED6C /* smb3_inventory_open_close.wav */,
				10642B792A98530000AAED6C /* smb3_nspade_match.wav */,
				10642B7D2A99578E00AAED6C /* smb3_nspade.mp3 */,
				10642B712A984D5E00AAED6C /* smb3_enter_level.wav */,
				10642B6F2A984D5E00AAED6C /* smb3_game_over.wav */,
				10642B6D2A984D5E00AAED6C /* smb3_level_clear.wav */,
			);
			path = Sounds;
			sourceTree = "<group>";
		};
		10C25B272221F4330046963C = {
			isa = PBXGroup;
			children = (
				10C25B322221F4330046963C /* Mario 3 Card Match! */,
				10C25B312221F4330046963C /* Products */,
			);
			sourceTree = "<group>";
		};
		10C25B312221F4330046963C /* Products */ = {
			isa = PBXGroup;
			children = (
				10C25B302221F4330046963C /* Mario 3 Card Match!.app */,
			);
			name = Products;
			sourceTree = "<group>";
		};
		10C25B322221F4330046963C /* Mario 3 Card Match! */ = {
			isa = PBXGroup;
			children = (
				10642B6C2A984D3900AAED6C /* Sounds */,
				10C25B332221F4330046963C /* AppDelegate.swift */,
				10C25B352221F4330046963C /* ViewController.swift */,
				10C25B372221F4330046963C /* Main.storyboard */,
				10C25B3A2221F4330046963C /* Assets.xcassets */,
				10C25B3C2221F4330046963C /* LaunchScreen.storyboard */,
				10C25B3F2221F4330046963C /* Info.plist */,
			);
			path = "Mario 3 Card Match!";
			sourceTree = "<group>";
		};
/* End PBXGroup section */

/* Begin PBXNativeTarget section */
		10C25B2F2221F4330046963C /* Mario 3 Card Match! */ = {
			isa = PBXNativeTarget;
			buildConfigurationList = 10C25B422221F4330046963C /* Build configuration list for PBXNativeTarget "Mario 3 Card Match!" */;
			buildPhases = (
				10C25B2C2221F4330046963C /* Sources */,
				10C25B2D2221F4330046963C /* Frameworks */,
				10C25B2E2221F4330046963C /* Resources */,
			);
			buildRules = (
			);
			dependencies = (
			);
			name = "Mario 3 Card Match!";
			productName = "Mario 3 Card Match!";
			productReference = 10C25B302221F4330046963C /* Mario 3 Card Match!.app */;
			productType = "com.apple.product-type.application";
		};
/* End PBXNativeTarget section */

/* Begin PBXProject section */
		10C25B282221F4330046963C /* Project object */ = {
			isa = PBXProject;
			attributes = {
				LastSwiftUpdateCheck = 1010;
				LastUpgradeCheck = 1200;
				ORGANIZATIONNAME = "Alexander Solinger";
				TargetAttributes = {
					10C25B2F2221F4330046963C = {
						CreatedOnToolsVersion = 10.1;
						LastSwiftMigration = 1110;
					};
				};
			};
			buildConfigurationList = 10C25B2B2221F4330046963C /* Build configuration list for PBXProject "Mario 3 Card Match!" */;
			compatibilityVersion = "Xcode 9.3";
			developmentRegion = en;
			hasScannedForEncodings = 0;
			knownRegions = (
				en,
				Base,
			);
			mainGroup = 10C25B272221F4330046963C;
			productRefGroup = 10C25B312221F4330046963C /* Products */;
			projectDirPath = "";
			projectRoot = "";
			targets = (
				10C25B2F2221F4330046963C /* Mario 3 Card Match! */,
			);
		};
/* End PBXProject section */

/* Begin PBXResourcesBuildPhase section */
		10C25B2E2221F4330046963C /* Resources */ = {
			isa = PBXResourcesBuildPhase;
			buildActionMask = 2147483647;
			files = (
				10642B7E2A99578E00AAED6C /* smb3_nspade.mp3 in Resources */,
				10642B782A9852DF00AAED6C /* smb3_bonus_game_no_match.wav in Resources */,
				10642B732A984D5E00AAED6C /* smb3_1-up.wav in Resources */,
				10642B762A984D5E00AAED6C /* smb3_enter_level.wav in Resources */,
				10642B7C2A98546900AAED6C /* smb3_inventory_open_close.wav in Resources */,
				10C25B3E2221F4330046963C /* LaunchScreen.storyboard in Resources */,
				10C25B3B2221F4330046963C /* Assets.xcassets in Resources */,
				10642B722A984D5E00AAED6C /* smb3_level_clear.wav in Resources */,
				10C25B392221F4330046963C /* Main.storyboard in Resources */,
				10642B752A984D5E00AAED6C /* smb3_coin.wav in Resources */,
				10642B7A2A98530000AAED6C /* smb3_nspade_match.wav in Resources */,
				10642B742A984D5E00AAED6C /* smb3_game_over.wav in Resources */,
			);
			runOnlyForDeploymentPostprocessing = 0;
		};
/* End PBXResourcesBuildPhase section */

/* Begin PBXSourcesBuildPhase section */
		10C25B2C2221F4330046963C /* Sources */ = {
			isa = PBXSourcesBuildPhase;
			buildActionMask = 2147483647;
			files = (
				10C25B362221F4330046963C /* ViewController.swift in Sources */,
				10C25B342221F4330046963C /* AppDelegate.swift in Sources */,
			);
			runOnlyForDeploymentPostprocessing = 0;
		};
/* End PBXSourcesBuildPhase section */

/* Begin PBXVariantGroup section */
		10C25B372221F4330046963C /* Main.storyboard */ = {
			isa = PBXVariantGroup;
			children = (
				10C25B382221F4330046963C /* Base */,
			);
			name = Main.storyboard;
			sourceTree = "<group>";
		};
		10C25B3C2221F4330046963C /* LaunchScreen.storyboard */ = {
			isa = PBXVariantGroup;
			children = (
				10C25B3D2221F4330046963C /* Base */,
			);
			name = LaunchScreen.storyboard;
			sourceTree = "<group>";
		};
/* End PBXVariantGroup section */

/* Begin XCBuildConfiguration section */
		10C25B402221F4330046963C /* Debug */ = {
			isa = XCBuildConfiguration;
			buildSettings = {
				ALWAYS_SEARCH_USER_PATHS = NO;
				CLANG_ANALYZER_NONNULL = YES;
				CLANG_ANALYZER_NUMBER_OBJECT_CONVERSION = YES_AGGRESSIVE;
				CLANG_CXX_LANGUAGE_STANDARD = "gnu++14";
				CLANG_CXX_LIBRARY = "libc++";
				CLANG_ENABLE_MODULES = YES;
				CLANG_ENABLE_OBJC_ARC = YES;
				CLANG_ENABLE_OBJC_WEAK = YES;
				CLANG_WARN_BLOCK_CAPTURE_AUTORELEASING = YES;
				CLANG_WARN_BOOL_CONVERSION = YES;
				CLANG_WARN_COMMA = YES;
				CLANG_WARN_CONSTANT_CONVERSION = YES;
				CLANG_WARN_DEPRECATED_OBJC_IMPLEMENTATIONS = YES;
				CLANG_WARN_DIRECT_OBJC_ISA_USAGE = YES_ERROR;
				CLANG_WARN_DOCUMENTATION_COMMENTS = YES;
				CLANG_WARN_EMPTY_BODY = YES;
				CLANG_WARN_ENUM_CONVERSION = YES;
				CLANG_WARN_INFINITE_RECURSION = YES;
				CLANG_WARN_INT_CONVERSION = YES;
				CLANG_WARN_NON_LITERAL_NULL_CONVERSION = YES;
				CLANG_WARN_OBJC_IMPLICIT_RETAIN_SELF = YES;
				CLANG_WARN_OBJC_LITERAL_CONVERSION = YES;
				CLANG_WARN_OBJC_ROOT_CLASS = YES_ERROR;
				CLANG_WARN_QUOTED_INCLUDE_IN_FRAMEWORK_HEADER = YES;
				CLANG_WARN_RANGE_LOOP_ANALYSIS = YES;
				CLANG_WARN_STRICT_PROTOTYPES = YES;
				CLANG_WARN_SUSPICIOUS_MOVE = YES;
				CLANG_WARN_UNGUARDED_AVAILABILITY = YES_AGGRESSIVE;
				CLANG_WARN_UNREACHABLE_CODE = YES;
				CLANG_WARN__DUPLICATE_METHOD_MATCH = YES;
				CODE_SIGN_IDENTITY = "iPhone Developer";
				COPY_PHASE_STRIP = NO;
				DEBUG_INFORMATION_FORMAT = dwarf;
				ENABLE_STRICT_OBJC_MSGSEND = YES;
				ENABLE_TESTABILITY = YES;
				GCC_C_LANGUAGE_STANDARD = gnu11;
				GCC_DYNAMIC_NO_PIC = NO;
				GCC_NO_COMMON_BLOCKS = YES;
				GCC_OPTIMIZATION_LEVEL = 0;
				GCC_PREPROCESSOR_DEFINITIONS = (
					"DEBUG=1",
					"$(inherited)",
				);
				GCC_WARN_64_TO_32_BIT_CONVERSION = YES;
				GCC_WARN_ABOUT_RETURN_TYPE = YES_ERROR;
				GCC_WARN_UNDECLARED_SELECTOR = YES;
				GCC_WARN_UNINITIALIZED_AUTOS = YES_AGGRESSIVE;
				GCC_WARN_UNUSED_FUNCTION = YES;
				GCC_WARN_UNUSED_VARIABLE = YES;
				IPHONEOS_DEPLOYMENT_TARGET = 12.1;
				MTL_ENABLE_DEBUG_INFO = INCLUDE_SOURCE;
				MTL_FAST_MATH = YES;
				ONLY_ACTIVE_ARCH = YES;
				SDKROOT = iphoneos;
				SWIFT_ACTIVE_COMPILATION_CONDITIONS = DEBUG;
				SWIFT_OPTIMIZATION_LEVEL = "-Onone";
			};
			name = Debug;
		};
		10C25B412221F4330046963C /* Release */ = {
			isa = XCBuildConfiguration;
			buildSettings = {
				ALWAYS_SEARCH_USER_PATHS = NO;
				CLANG_ANALYZER_NONNULL = YES;
				CLANG_ANALYZER_NUMBER_OBJECT_CONVERSION = YES_AGGRESSIVE;
				CLANG_CXX_LANGUAGE_STANDARD = "gnu++14";
				CLANG_CXX_LIBRARY = "libc++";
				CLANG_ENABLE_MODULES = YES;
				CLANG_ENABLE_OBJC_ARC = YES;
				CLANG_ENABLE_OBJC_WEAK = YES;
				CLANG_WARN_BLOCK_CAPTURE_AUTORELEASING = YES;
				CLANG_WARN_BOOL_CONVERSION = YES;
				CLANG_WARN_COMMA = YES;
				CLANG_WARN_CONSTANT_CONVERSION = YES;
				CLANG_WARN_DEPRECATED_OBJC_IMPLEMENTATIONS = YES;
				CLANG_WARN_DIRECT_OBJC_ISA_USAGE = YES_ERROR;
				CLANG_WARN_DOCUMENTATION_COMMENTS = YES;
				CLANG_WARN_EMPTY_BODY = YES;
				CLANG_WARN_ENUM_CONVERSION = YES;
				CLANG_WARN_INFINITE_RECURSION = YES;
				CLANG_WARN_INT_CONVERSION = YES;
				CLANG_WARN_NON_LITERAL_NULL_CONVERSION = YES;
				CLANG_WARN_OBJC_IMPLICIT_RETAIN_SELF = YES;
				CLANG_WARN_OBJC_LITERAL_CONVERSION = YES;
				CLANG_WARN_OBJC_ROOT_CLASS = YES_ERROR;
				CLANG_WARN_QUOTED_INCLUDE_IN_FRAMEWORK_HEADER = YES;
				CLANG_WARN_RANGE_LOOP_ANALYSIS = YES;
				CLANG_WARN_STRICT_PROTOTYPES = YES;
				CLANG_WARN_SUSPICIOUS_MOVE = YES;
				CLANG_WARN_UNGUARDED_AVAILABILITY = YES_AGGRESSIVE;
				CLANG_WARN_UNREACHABLE_CODE = YES;
				CLANG_WARN__DUPLICATE_METHOD_MATCH = YES;
				CODE_SIGN_IDENTITY = "iPhone Developer";
				COPY_PHASE_STRIP = NO;
				DEBUG_INFORMATION_FORMAT = "dwarf-with-dsym";
				ENABLE_NS_ASSERTIONS = NO;
				ENABLE_STRICT_OBJC_MSGSEND = YES;
				GCC_C_LANGUAGE_STANDARD = gnu11;
				GCC_NO_COMMON_BLOCKS = YES;
				GCC_WARN_64_TO_32_BIT_CONVERSION = YES;
				GCC_WARN_ABOUT_RETURN_TYPE = YES_ERROR;
				GCC_WARN_UNDECLARED_SELECTOR = YES;
				GCC_WARN_UNINITIALIZED_AUTOS = YES_AGGRESSIVE;
				GCC_WARN_UNUSED_FUNCTION = YES;
				GCC_WARN_UNUSED_VARIABLE = YES;
				IPHONEOS_DEPLOYMENT_TARGET = 12.1;
				MTL_ENABLE_DEBUG_INFO = NO;
				MTL_FAST_MATH = YES;
				SDKROOT = iphoneos;
				SWIFT_COMPILATION_MODE = wholemodule;
				SWIFT_OPTIMIZATION_LEVEL = "-O";
				VALIDATE_PRODUCT = YES;
			};
			name = Release;
		};
		10C25B432221F4330046963C /* Debug */ = {
			isa = XCBuildConfiguration;
			buildSettings = {
				ASSETCATALOG_COMPILER_APPICON_NAME = AppIcon;
				CODE_SIGN_STYLE = Automatic;
				DEVELOPMENT_TEAM = 8H8PT5SG4U;
				INFOPLIST_FILE = "Mario 3 Card Match!/Info.plist";
				LD_RUNPATH_SEARCH_PATHS = (
					"$(inherited)",
					"@executable_path/Frameworks",
				);
				PRODUCT_BUNDLE_IDENTIFIER = "alexandersolinger.Mario-3-Card-Match-";
				PRODUCT_NAME = "$(TARGET_NAME)";
				SWIFT_VERSION = 5.0;
				TARGETED_DEVICE_FAMILY = "1,2";
			};
			name = Debug;
		};
		10C25B442221F4330046963C /* Release */ = {
			isa = XCBuildConfiguration;
			buildSettings = {
				ASSETCATALOG_COMPILER_APPICON_NAME = AppIcon;
				CODE_SIGN_STYLE = Automatic;
				DEVELOPMENT_TEAM = 8H8PT5SG4U;
				INFOPLIST_FILE = "Mario 3 Card Match!/Info.plist";
				LD_RUNPATH_SEARCH_PATHS = (
					"$(inherited)",
					"@executable_path/Frameworks",
				);
				PRODUCT_BUNDLE_IDENTIFIER = "alexandersolinger.Mario-3-Card-Match-";
				PRODUCT_NAME = "$(TARGET_NAME)";
				SWIFT_VERSION = 5.0;
				TARGETED_DEVICE_FAMILY = "1,2";
			};
			name = Release;
		};
/* End XCBuildConfiguration section */

/* Begin XCConfigurationList section */
		10C25B2B2221F4330046963C /* Build configuration list for PBXProject "Mario 3 Card Match!" */ = {
			isa = XCConfigurationList;
			buildConfigurations = (
				10C25B402221F4330046963C /* Debug */,
				10C25B412221F4330046963C /* Release */,
			);
			defaultConfigurationIsVisible = 0;
			defaultConfigurationName = Release;
		};
		10C25B422221F4330046963C /* Build configuration list for PBXNativeTarget "Mario 3 Card Match!" */ = {
			isa = XCConfigurationList;
			buildConfigurations = (
				10C25B432221F4330046963C /* Debug */,
				10C25B442221F4330046963C /* Release */,
			);
			defaultConfigurationIsVisible = 0;
			defaultConfigurationName = Release;
		};
/* End XCConfigurationList section */
	};
	rootObject = 10C25B282221F4330046963C /* Project object */;
}
